
Microsoft Visual Studio Solution File, Format Version 12.00
# Visual Studio Version 17
VisualStudioVersion = 17.3.32929.385
MinimumVisualStudioVersion = 10.0.40219.1
Project("{9A19103F-16F7-4668-BE54-9A1E7A4F7556}") = "ControleDeContatos", "ControleDeContatos\ControleDeContatos.csproj", "{61B563D6-BB01-4A1A-B60F-A3595445FD43}"
EndProject
Global
	GlobalSection(SolutionConfigurationPlatforms) = preSolution
		Debug|Any CPU = Debug|Any CPU
		Release|Any CPU = Release|Any CPU
	EndGlobalSection
	GlobalSection(ProjectConfigurationPlatforms) = postSolution
		{61B563D6-BB01-4A1A-B60F-A3595445FD43}.Debug|Any CPU.ActiveCfg = Debug|Any CPU
		{61B563D6-BB01-4A1A-B60F-A3595445FD43}.Debug|Any CPU.Build.0 = Debug|Any CPU
		{61B563D6-BB01-4A1A-B60F-A3595445FD43}.Release|Any CPU.ActiveCfg = Release|Any CPU
		{61B563D6-BB01-4A1A-B60F-A3595445FD43}.Release|Any CPU.Build.0 = Release|Any CPU
	EndGlobalSection
	GlobalSection(SolutionProperties) = preSolution
		HideSolutionNode = FALSE
	EndGlobalSection
	GlobalSection(ExtensibilityGlobals) = postSolution
		SolutionGuid = {174FEC8F-12DA-4371-8319-5C9E7079BE77}
	EndGlobalSection
EndGlobal
